
Microsoft Visual Studio Solution File, Format Version 12.00
# Visual Studio Version 16
VisualStudioVersion = 16.0.31205.134
MinimumVisualStudioVersion = 10.0.40219.1
Project("{2150E333-8FDC-42A3-9474-1A3956D46DE8}") = "ApiGateways", "ApiGateways", "{C3BF983D-F9DD-419D-8C86-EDCAAF9ACB6F}"
EndProject
Project("{2150E333-8FDC-42A3-9474-1A3956D46DE8}") = "Services", "Services", "{99CC2F5B-2C21-46B8-B06E-972212316480}"
EndProject
Project("{2150E333-8FDC-42A3-9474-1A3956D46DE8}") = "WebApps", "WebApps", "{C058E4F1-DB64-4E7A-A2A8-16383835719A}"
EndProject
Project("{9A19103F-16F7-4668-BE54-9A1E7A4F7556}") = "SampleWebShop", "SampleWebShop\SampleWebShop.csproj", "{DA2A4CF0-DDDF-4B5C-B4F8-115BE4B8A362}"
EndProject
Project("{E53339B2-1760-4266-BCC7-CA923CBCF16C}") = "docker-compose", "docker-compose.dcproj", "{206A69C1-2E07-45B5-98DA-8A486634BAD4}"
EndProject
Project("{9A19103F-16F7-4668-BE54-9A1E7A4F7556}") = "OcelotApiGw", "OcelotApiGw\OcelotApiGw.csproj", "{EF6DC202-EFEF-4E6C-A373-697DA765A0B0}"
EndProject
Project("{9A19103F-16F7-4668-BE54-9A1E7A4F7556}") = "Catalog.API", "Catalog.API\Catalog.API.csproj", "{197561B3-B2D4-4FC9-B947-E867E753BD7D}"
EndProject
Global
	GlobalSection(SolutionConfigurationPlatforms) = preSolution
		Debug|Any CPU = Debug|Any CPU
		Release|Any CPU = Release|Any CPU
	EndGlobalSection
	GlobalSection(ProjectConfigurationPlatforms) = postSolution
		{DA2A4CF0-DDDF-4B5C-B4F8-115BE4B8A362}.Debug|Any CPU.ActiveCfg = Debug|Any CPU
		{DA2A4CF0-DDDF-4B5C-B4F8-115BE4B8A362}.Debug|Any CPU.Build.0 = Debug|Any CPU
		{DA2A4CF0-DDDF-4B5C-B4F8-115BE4B8A362}.Release|Any CPU.ActiveCfg = Release|Any CPU
		{DA2A4CF0-DDDF-4B5C-B4F8-115BE4B8A362}.Release|Any CPU.Build.0 = Release|Any CPU
		{206A69C1-2E07-45B5-98DA-8A486634BAD4}.Debug|Any CPU.ActiveCfg = Debug|Any CPU
		{206A69C1-2E07-45B5-98DA-8A486634BAD4}.Debug|Any CPU.Build.0 = Debug|Any CPU
		{206A69C1-2E07-45B5-98DA-8A486634BAD4}.Release|Any CPU.ActiveCfg = Release|Any CPU
		{206A69C1-2E07-45B5-98DA-8A486634BAD4}.Release|Any CPU.Build.0 = Release|Any CPU
		{EF6DC202-EFEF-4E6C-A373-697DA765A0B0}.Debug|Any CPU.ActiveCfg = Debug|Any CPU
		{EF6DC202-EFEF-4E6C-A373-697DA765A0B0}.Debug|Any CPU.Build.0 = Debug|Any CPU
		{EF6DC202-EFEF-4E6C-A373-697DA765A0B0}.Release|Any CPU.ActiveCfg = Release|Any CPU
		{EF6DC202-EFEF-4E6C-A373-697DA765A0B0}.Release|Any CPU.Build.0 = Release|Any CPU
		{197561B3-B2D4-4FC9-B947-E867E753BD7D}.Debug|Any CPU.ActiveCfg = Debug|Any CPU
		{197561B3-B2D4-4FC9-B947-E867E753BD7D}.Debug|Any CPU.Build.0 = Debug|Any CPU
		{197561B3-B2D4-4FC9-B947-E867E753BD7D}.Release|Any CPU.ActiveCfg = Release|Any CPU
		{197561B3-B2D4-4FC9-B947-E867E753BD7D}.Release|Any CPU.Build.0 = Release|Any CPU
	EndGlobalSection
	GlobalSection(SolutionProperties) = preSolution
		HideSolutionNode = FALSE
	EndGlobalSection
	GlobalSection(NestedProjects) = preSolution
		{DA2A4CF0-DDDF-4B5C-B4F8-115BE4B8A362} = {C058E4F1-DB64-4E7A-A2A8-16383835719A}
		{EF6DC202-EFEF-4E6C-A373-697DA765A0B0} = {C3BF983D-F9DD-419D-8C86-EDCAAF9ACB6F}
		{197561B3-B2D4-4FC9-B947-E867E753BD7D} = {99CC2F5B-2C21-46B8-B06E-972212316480}
	EndGlobalSection
	GlobalSection(ExtensibilityGlobals) = postSolution
		SolutionGuid = {61F042AE-DEA7-40B0-800D-9ED46B744917}
	EndGlobalSection
EndGlobal
